{
  "version": 1,
  "algorithm": "sha256-normalized-core-contract-v1",
  "surfaces": [
    {
      "name": "taskit-core-pipeline_runner",
      "path": "crates/taskit-core/src/pipeline_runner.rs",
      "hash": "454c0f6689096009749183fc6cbcb9ce22c28454ba32c0f15fc2583fac78fcb2"
    },
    {
      "name": "taskit-types-error",
      "path": "crates/taskit-types/src/error.rs",
      "hash": "ff1571a6585dedad6d1eee532aa2acc228236be4b9f83748bf7a279f96bdc5e9"
    },
    {
      "name": "taskit-engine-command",
      "path": "crates/taskit-engine/src/command.rs",
      "hash": "0cadeb282a062239f6768b364a70d6e1b18b4278100da5c66e3d49b8a2efc23f"
    },
    {
      "name": "taskit-engine-discovery",
      "path": "crates/taskit-engine/src/discovery.rs",
      "hash": "f466d8740e10692fd912fe846c1ac8b01ba13c162b5601967f0c38160c63e015"
    },
    {
      "name": "taskit-output-sink",
      "path": "crates/taskit-output/src/sink.rs",
      "hash": "4f7de239fc22f44979ce8be332fc830dfbd5ea2616c0aecac7f379f73abbde23"
    },
    {
      "name": "taskit-output-formatter",
      "path": "crates/taskit-output/src/formatter.rs",
      "hash": "f0f0abf35b1684c83dd77991455c00efcd2978096e6fd3c86a2cf33f5f784db6"
    },
    {
      "name": "taskit-init-plan",
      "path": "crates/taskit-init/src/plan.rs",
      "hash": "96296d7a47f074f104974e907a5059e3d0df4983f47830a4adb596ad0e2d0aaf"
    }
  ]
}
