{
  "version": 1,
  "algorithm": "sha256-normalized-core-contract-v1",
  "surfaces": [
    {
      "name": "taskit-core-conflict_resolver",
      "path": "crates/taskit-core/src/conflict_resolver.rs",
      "hash": "cdf5830e7849543ff67dea53c93103e9b25dcd98e06ac2a6e0ad303bd9f8aad9"
    },
    {
      "name": "taskit-core-pipeline_runner",
      "path": "crates/taskit-core/src/pipeline_runner.rs",
      "hash": "454c0f6689096009749183fc6cbcb9ce22c28454ba32c0f15fc2583fac78fcb2"
    },
    {
      "name": "taskit-types-error",
      "path": "crates/taskit-types/src/error.rs",
      "hash": "893b2598ff6d39acd3c4c0639c77ccab6cc4b6fcbbb71550791d03394c7223a4"
    },
    {
      "name": "taskit-engine-command",
      "path": "crates/taskit-engine/src/command.rs",
      "hash": "97a8a5084360b56e22cf8ab841476d33df0f6c0d964135be29f92cd45579eb22"
    },
    {
      "name": "taskit-engine-discovery",
      "path": "crates/taskit-engine/src/discovery.rs",
      "hash": "7ba62cc8959ef60cafffbc387a55c98dc3c32ab698bf0da56aa60d6174bd00fc"
    },
    {
      "name": "taskit-output-sink",
      "path": "crates/taskit-output/src/sink.rs",
      "hash": "4f7de239fc22f44979ce8be332fc830dfbd5ea2616c0aecac7f379f73abbde23"
    },
    {
      "name": "taskit-output-formatter",
      "path": "crates/taskit-output/src/formatter.rs",
      "hash": "f35e664df81809a1860d9e53edd206d56ba4953154fd65b9eea329118da13c72"
    },
    {
      "name": "taskit-init-plan",
      "path": "crates/taskit-init/src/plan.rs",
      "hash": "45cd67968b324103fc420325e0826d07bbb9efcb283b307673fe9cf128c94eb3"
    }
  ]
}
